github.com/edsrzf/mmap-go v1.0.0 h1:CEBF7HpRnUCSJgGUb5h1Gm7e3VkmVDrR8lvWVLtrOFw=
github.com/edsrzf/mmap-go v1.0.0/go.mod h1:YO35OhQPt3KJa3ryjFM5Bs14WD66h8eGKpfaBNrHW5M=
golang.org/x/sys v0.0.0-20210603125802-9665404d3644 h1:CA1DEQ4NdKphKeL70tvsWNdT5oFh1lOjihRcEDROi0I=
golang.org/x/sys v0.0.0-20210603125802-9665404d3644/go.mod h1:oPkhp1MJrh7nUepCBck5+mAzfO9JrbApNNgaTdGDITg=
